
Microsoft Visual Studio Solution File, Format Version 12.00
# Visual Studio Version 17
VisualStudioVersion = 17.9.34622.214
MinimumVisualStudioVersion = 10.0.40219.1
Project("{FAE04EC0-301F-11D3-BF4B-00C04F79EFBC}") = "lab05DAEA", "lab05DAEA\lab05DAEA.csproj", "{400D10D7-A9DA-4975-98D5-72940E6CB522}"
EndProject
Global
	GlobalSection(SolutionConfigurationPlatforms) = preSolution
		Debug|Any CPU = Debug|Any CPU
		Release|Any CPU = Release|Any CPU
	EndGlobalSection
	GlobalSection(ProjectConfigurationPlatforms) = postSolution
		{400D10D7-A9DA-4975-98D5-72940E6CB522}.Debug|Any CPU.ActiveCfg = Debug|Any CPU
		{400D10D7-A9DA-4975-98D5-72940E6CB522}.Debug|Any CPU.Build.0 = Debug|Any CPU
		{400D10D7-A9DA-4975-98D5-72940E6CB522}.Release|Any CPU.ActiveCfg = Release|Any CPU
		{400D10D7-A9DA-4975-98D5-72940E6CB522}.Release|Any CPU.Build.0 = Release|Any CPU
	EndGlobalSection
	GlobalSection(SolutionProperties) = preSolution
		HideSolutionNode = FALSE
	EndGlobalSection
	GlobalSection(ExtensibilityGlobals) = postSolution
		SolutionGuid = {78C15181-9276-4036-AC87-9AC81047BA52}
	EndGlobalSection
EndGlobal
